
Microsoft Visual Studio Solution File, Format Version 12.00
# Visual Studio 14
VisualStudioVersion = 14.0.25420.1
MinimumVisualStudioVersion = 10.0.40219.1
Project("{FAE04EC0-301F-11D3-BF4B-00C04F79EFBC}") = "MangoSale.Domain", "MangoSale.Domain\MangoSale.Domain.csproj", "{8FD2E93B-402C-41F5-9AA8-47A542768151}"
EndProject
Project("{FAE04EC0-301F-11D3-BF4B-00C04F79EFBC}") = "MangoSale.Common", "MangoSale.Common\MangoSale.Common.csproj", "{B39F8660-6B42-486F-8D9E-D3C52EF2D867}"
EndProject
Project("{2150E333-8FDC-42A3-9474-1A3956D46DE8}") = "0. Common", "0. Common", "{BB094E8A-6A6B-485E-987B-1A58C38182C5}"
EndProject
Project("{2150E333-8FDC-42A3-9474-1A3956D46DE8}") = "1. Domain", "1. Domain", "{49818DB4-2E16-4675-B1CB-453706955340}"
EndProject
Project("{2150E333-8FDC-42A3-9474-1A3956D46DE8}") = "2. Infrastructure", "2. Infrastructure", "{0D939EAA-5325-4D50-B0E2-9C056055E4A2}"
EndProject
Project("{2150E333-8FDC-42A3-9474-1A3956D46DE8}") = "2.2 -  CrossCutting", "2.2 -  CrossCutting", "{098B0152-AB95-4A7C-BD82-D545A8926D15}"
EndProject
Project("{2150E333-8FDC-42A3-9474-1A3956D46DE8}") = "2.1 -  Data", "2.1 -  Data", "{AC00E866-70DB-48F7-AEF6-F3EC7F34F11D}"
EndProject
Project("{FAE04EC0-301F-11D3-BF4B-00C04F79EFBC}") = "MangoSale.Data.Context", "MangoSale.Data.Context\MangoSale.Data.Context.csproj", "{5730F499-49A3-4EA7-9166-A125F77CAE5B}"
EndProject
Project("{2150E333-8FDC-42A3-9474-1A3956D46DE8}") = "3. Application", "3. Application", "{85191623-25BE-4B53-BB01-ADE12233A1F2}"
EndProject
Project("{2150E333-8FDC-42A3-9474-1A3956D46DE8}") = "4. Presentasion", "4. Presentasion", "{30F95044-3561-43B6-9604-E378D9BB8407}"
EndProject
Project("{FAE04EC0-301F-11D3-BF4B-00C04F79EFBC}") = "MangoSale.ConsoleApplication", "MangoSale.ConsoleApplication\MangoSale.ConsoleApplication.csproj", "{000C26D0-6679-4A40-AC77-E72CB9DFEA73}"
EndProject
Project("{FAE04EC0-301F-11D3-BF4B-00C04F79EFBC}") = "MangoSale.Data.Repositories", "MangoSale.Data.Repositories\MangoSale.Data.Repositories.csproj", "{EB63076E-68D6-487C-9F30-DF4C2053D75D}"
EndProject
Project("{FAE04EC0-301F-11D3-BF4B-00C04F79EFBC}") = "MangoSale.Application", "MangoSale.Application\MangoSale.Application.csproj", "{0C625405-276B-475D-A1C6-3DFE9201BCE0}"
EndProject
Project("{FAE04EC0-301F-11D3-BF4B-00C04F79EFBC}") = "MangoSale.CrossCutting.InversionOfControl", "MangoSale.CrossCutting.InversionOfControl\MangoSale.CrossCutting.InversionOfControl.csproj", "{ED2C42ED-7888-44C4-88B1-F47E284301BD}"
EndProject
Project("{FAE04EC0-301F-11D3-BF4B-00C04F79EFBC}") = "MangoSale.MVCWebApplication", "MangoSale.MVCWebApplication\MangoSale.MVCWebApplication.csproj", "{496455EF-5CA9-4A01-8BC7-3E206C103C11}"
EndProject
Global
	GlobalSection(SolutionConfigurationPlatforms) = preSolution
		Debug|Any CPU = Debug|Any CPU
		Release|Any CPU = Release|Any CPU
	EndGlobalSection
	GlobalSection(ProjectConfigurationPlatforms) = postSolution
		{8FD2E93B-402C-41F5-9AA8-47A542768151}.Debug|Any CPU.ActiveCfg = Debug|Any CPU
		{8FD2E93B-402C-41F5-9AA8-47A542768151}.Debug|Any CPU.Build.0 = Debug|Any CPU
		{8FD2E93B-402C-41F5-9AA8-47A542768151}.Release|Any CPU.ActiveCfg = Release|Any CPU
		{8FD2E93B-402C-41F5-9AA8-47A542768151}.Release|Any CPU.Build.0 = Release|Any CPU
		{B39F8660-6B42-486F-8D9E-D3C52EF2D867}.Debug|Any CPU.ActiveCfg = Debug|Any CPU
		{B39F8660-6B42-486F-8D9E-D3C52EF2D867}.Debug|Any CPU.Build.0 = Debug|Any CPU
		{B39F8660-6B42-486F-8D9E-D3C52EF2D867}.Release|Any CPU.ActiveCfg = Release|Any CPU
		{B39F8660-6B42-486F-8D9E-D3C52EF2D867}.Release|Any CPU.Build.0 = Release|Any CPU
		{5730F499-49A3-4EA7-9166-A125F77CAE5B}.Debug|Any CPU.ActiveCfg = Debug|Any CPU
		{5730F499-49A3-4EA7-9166-A125F77CAE5B}.Debug|Any CPU.Build.0 = Debug|Any CPU
		{5730F499-49A3-4EA7-9166-A125F77CAE5B}.Release|Any CPU.ActiveCfg = Release|Any CPU
		{5730F499-49A3-4EA7-9166-A125F77CAE5B}.Release|Any CPU.Build.0 = Release|Any CPU
		{000C26D0-6679-4A40-AC77-E72CB9DFEA73}.Debug|Any CPU.ActiveCfg = Debug|Any CPU
		{000C26D0-6679-4A40-AC77-E72CB9DFEA73}.Debug|Any CPU.Build.0 = Debug|Any CPU
		{000C26D0-6679-4A40-AC77-E72CB9DFEA73}.Release|Any CPU.ActiveCfg = Release|Any CPU
		{000C26D0-6679-4A40-AC77-E72CB9DFEA73}.Release|Any CPU.Build.0 = Release|Any CPU
		{EB63076E-68D6-487C-9F30-DF4C2053D75D}.Debug|Any CPU.ActiveCfg = Debug|Any CPU
		{EB63076E-68D6-487C-9F30-DF4C2053D75D}.Debug|Any CPU.Build.0 = Debug|Any CPU
		{EB63076E-68D6-487C-9F30-DF4C2053D75D}.Release|Any CPU.ActiveCfg = Release|Any CPU
		{EB63076E-68D6-487C-9F30-DF4C2053D75D}.Release|Any CPU.Build.0 = Release|Any CPU
		{0C625405-276B-475D-A1C6-3DFE9201BCE0}.Debug|Any CPU.ActiveCfg = Debug|Any CPU
		{0C625405-276B-475D-A1C6-3DFE9201BCE0}.Debug|Any CPU.Build.0 = Debug|Any CPU
		{0C625405-276B-475D-A1C6-3DFE9201BCE0}.Release|Any CPU.ActiveCfg = Release|Any CPU
		{0C625405-276B-475D-A1C6-3DFE9201BCE0}.Release|Any CPU.Build.0 = Release|Any CPU
		{ED2C42ED-7888-44C4-88B1-F47E284301BD}.Debug|Any CPU.ActiveCfg = Debug|Any CPU
		{ED2C42ED-7888-44C4-88B1-F47E284301BD}.Debug|Any CPU.Build.0 = Debug|Any CPU
		{ED2C42ED-7888-44C4-88B1-F47E284301BD}.Release|Any CPU.ActiveCfg = Release|Any CPU
		{ED2C42ED-7888-44C4-88B1-F47E284301BD}.Release|Any CPU.Build.0 = Release|Any CPU
		{496455EF-5CA9-4A01-8BC7-3E206C103C11}.Debug|Any CPU.ActiveCfg = Debug|Any CPU
		{496455EF-5CA9-4A01-8BC7-3E206C103C11}.Debug|Any CPU.Build.0 = Debug|Any CPU
		{496455EF-5CA9-4A01-8BC7-3E206C103C11}.Release|Any CPU.ActiveCfg = Release|Any CPU
		{496455EF-5CA9-4A01-8BC7-3E206C103C11}.Release|Any CPU.Build.0 = Release|Any CPU
	EndGlobalSection
	GlobalSection(SolutionProperties) = preSolution
		HideSolutionNode = FALSE
	EndGlobalSection
	GlobalSection(NestedProjects) = preSolution
		{8FD2E93B-402C-41F5-9AA8-47A542768151} = {49818DB4-2E16-4675-B1CB-453706955340}
		{B39F8660-6B42-486F-8D9E-D3C52EF2D867} = {BB094E8A-6A6B-485E-987B-1A58C38182C5}
		{098B0152-AB95-4A7C-BD82-D545A8926D15} = {0D939EAA-5325-4D50-B0E2-9C056055E4A2}
		{AC00E866-70DB-48F7-AEF6-F3EC7F34F11D} = {0D939EAA-5325-4D50-B0E2-9C056055E4A2}
		{5730F499-49A3-4EA7-9166-A125F77CAE5B} = {AC00E866-70DB-48F7-AEF6-F3EC7F34F11D}
		{000C26D0-6679-4A40-AC77-E72CB9DFEA73} = {30F95044-3561-43B6-9604-E378D9BB8407}
		{EB63076E-68D6-487C-9F30-DF4C2053D75D} = {AC00E866-70DB-48F7-AEF6-F3EC7F34F11D}
		{0C625405-276B-475D-A1C6-3DFE9201BCE0} = {85191623-25BE-4B53-BB01-ADE12233A1F2}
		{ED2C42ED-7888-44C4-88B1-F47E284301BD} = {098B0152-AB95-4A7C-BD82-D545A8926D15}
		{496455EF-5CA9-4A01-8BC7-3E206C103C11} = {30F95044-3561-43B6-9604-E378D9BB8407}
	EndGlobalSection
EndGlobal
