
Microsoft Visual Studio Solution File, Format Version 12.00
# Visual Studio 2013
VisualStudioVersion = 12.0.31101.0
MinimumVisualStudioVersion = 10.0.40219.1
Project("{FAE04EC0-301F-11D3-BF4B-00C04F79EFBC}") = "LamedhPos.Domain", "LamedhPos.Domain\LamedhPos.Domain.csproj", "{C5759722-BE04-4E91-94FF-476FC9D4E0E4}"
EndProject
Project("{FAE04EC0-301F-11D3-BF4B-00C04F79EFBC}") = "LamedhPos.UI.Konsole", "LamedhPos.UI.Konsole\LamedhPos.UI.Konsole.csproj", "{F38A6F73-E8C0-461A-874C-F02711CBCD2C}"
EndProject
Project("{FAE04EC0-301F-11D3-BF4B-00C04F79EFBC}") = "LamedhPos.Domain.Tests", "LamedhPos.Domain.Tests\LamedhPos.Domain.Tests.csproj", "{46CAC273-30DA-4C75-A6E8-6EC7E6A098D6}"
EndProject
Project("{FAE04EC0-301F-11D3-BF4B-00C04F79EFBC}") = "LamedhPos.Infras.Data.SqlRepositories", "LamedhPos.Infras.Data.SqlRepositories\LamedhPos.Infras.Data.SqlRepositories.csproj", "{8C6F4E14-AF15-45EB-BC6E-49A585CB36C5}"
EndProject
Project("{FAE04EC0-301F-11D3-BF4B-00C04F79EFBC}") = "LamedhPos.Infras.Data.EFRepositories", "LamedhPos.Infras.Data.EFRepositories\LamedhPos.Infras.Data.EFRepositories.csproj", "{A0D9AA82-3281-45E8-A559-247A56DDAE04}"
EndProject
Project("{FAE04EC0-301F-11D3-BF4B-00C04F79EFBC}") = "LamedhPos.UI.Web.AspNetMvc.PosApp", "LamedhPos.UI.Web.AspNetMvc.PosApp\LamedhPos.UI.Web.AspNetMvc.PosApp.csproj", "{215D8E21-7903-41EF-AF7B-4CDD7247D26F}"
EndProject
Project("{2150E333-8FDC-42A3-9474-1A3956D46DE8}") = "3 UI", "3 UI", "{F49FC81F-1BB0-4CD8-836A-6FFD197FFE91}"
EndProject
Project("{2150E333-8FDC-42A3-9474-1A3956D46DE8}") = "1 Domain", "1 Domain", "{781F189B-3F2A-444E-A9F4-D8369368C6B2}"
EndProject
Project("{2150E333-8FDC-42A3-9474-1A3956D46DE8}") = "2 Infra", "2 Infra", "{4CDEA65C-52ED-447D-B4A1-8A7DFE5228D8}"
EndProject
Project("{2150E333-8FDC-42A3-9474-1A3956D46DE8}") = "4 Test", "4 Test", "{726FDD38-A988-45FF-962F-DD84A8BD9745}"
EndProject
Project("{FAE04EC0-301F-11D3-BF4B-00C04F79EFBC}") = "LamedhPos.UI.KonsoleWebApi.PosApp", "LamedhPos.UI.KonsoleWebApi.PosApp\LamedhPos.UI.KonsoleWebApi.PosApp.csproj", "{299EADF9-0385-4D34-A309-C19E338959A3}"
EndProject
Project("{FAE04EC0-301F-11D3-BF4B-00C04F79EFBC}") = "LamedhCommon.Domains", "LamedhCommon.Domains\LamedhCommon.Domains.csproj", "{50A1CF8D-B649-4760-93AC-A931EBFA1236}"
EndProject
Project("{2150E333-8FDC-42A3-9474-1A3956D46DE8}") = "0 Common", "0 Common", "{1A5601DF-55DF-4B3E-B3E7-745600D8DC9B}"
EndProject
Project("{FAE04EC0-301F-11D3-BF4B-00C04F79EFBC}") = "LamedhCommon.Infra.Data.EFRepositories", "LamedhCommon.Infra.Data.EFRepositories\LamedhCommon.Infra.Data.EFRepositories.csproj", "{8BF9B2FF-2B41-4EEA-B815-88BCEE8A8245}"
EndProject
Global
	GlobalSection(SolutionConfigurationPlatforms) = preSolution
		Debug|Any CPU = Debug|Any CPU
		Debug|ARM = Debug|ARM
		Debug|x64 = Debug|x64
		Debug|x86 = Debug|x86
		Release|Any CPU = Release|Any CPU
		Release|ARM = Release|ARM
		Release|x64 = Release|x64
		Release|x86 = Release|x86
	EndGlobalSection
	GlobalSection(ProjectConfigurationPlatforms) = postSolution
		{C5759722-BE04-4E91-94FF-476FC9D4E0E4}.Debug|Any CPU.ActiveCfg = Debug|Any CPU
		{C5759722-BE04-4E91-94FF-476FC9D4E0E4}.Debug|Any CPU.Build.0 = Debug|Any CPU
		{C5759722-BE04-4E91-94FF-476FC9D4E0E4}.Debug|ARM.ActiveCfg = Debug|Any CPU
		{C5759722-BE04-4E91-94FF-476FC9D4E0E4}.Debug|x64.ActiveCfg = Debug|Any CPU
		{C5759722-BE04-4E91-94FF-476FC9D4E0E4}.Debug|x86.ActiveCfg = Debug|Any CPU
		{C5759722-BE04-4E91-94FF-476FC9D4E0E4}.Release|Any CPU.ActiveCfg = Release|Any CPU
		{C5759722-BE04-4E91-94FF-476FC9D4E0E4}.Release|Any CPU.Build.0 = Release|Any CPU
		{C5759722-BE04-4E91-94FF-476FC9D4E0E4}.Release|ARM.ActiveCfg = Release|Any CPU
		{C5759722-BE04-4E91-94FF-476FC9D4E0E4}.Release|x64.ActiveCfg = Release|Any CPU
		{C5759722-BE04-4E91-94FF-476FC9D4E0E4}.Release|x86.ActiveCfg = Release|Any CPU
		{F38A6F73-E8C0-461A-874C-F02711CBCD2C}.Debug|Any CPU.ActiveCfg = Debug|Any CPU
		{F38A6F73-E8C0-461A-874C-F02711CBCD2C}.Debug|Any CPU.Build.0 = Debug|Any CPU
		{F38A6F73-E8C0-461A-874C-F02711CBCD2C}.Debug|ARM.ActiveCfg = Debug|Any CPU
		{F38A6F73-E8C0-461A-874C-F02711CBCD2C}.Debug|x64.ActiveCfg = Debug|Any CPU
		{F38A6F73-E8C0-461A-874C-F02711CBCD2C}.Debug|x86.ActiveCfg = Debug|Any CPU
		{F38A6F73-E8C0-461A-874C-F02711CBCD2C}.Release|Any CPU.ActiveCfg = Release|Any CPU
		{F38A6F73-E8C0-461A-874C-F02711CBCD2C}.Release|Any CPU.Build.0 = Release|Any CPU
		{F38A6F73-E8C0-461A-874C-F02711CBCD2C}.Release|ARM.ActiveCfg = Release|Any CPU
		{F38A6F73-E8C0-461A-874C-F02711CBCD2C}.Release|x64.ActiveCfg = Release|Any CPU
		{F38A6F73-E8C0-461A-874C-F02711CBCD2C}.Release|x86.ActiveCfg = Release|Any CPU
		{46CAC273-30DA-4C75-A6E8-6EC7E6A098D6}.Debug|Any CPU.ActiveCfg = Debug|Any CPU
		{46CAC273-30DA-4C75-A6E8-6EC7E6A098D6}.Debug|Any CPU.Build.0 = Debug|Any CPU
		{46CAC273-30DA-4C75-A6E8-6EC7E6A098D6}.Debug|ARM.ActiveCfg = Debug|Any CPU
		{46CAC273-30DA-4C75-A6E8-6EC7E6A098D6}.Debug|x64.ActiveCfg = Debug|Any CPU
		{46CAC273-30DA-4C75-A6E8-6EC7E6A098D6}.Debug|x86.ActiveCfg = Debug|Any CPU
		{46CAC273-30DA-4C75-A6E8-6EC7E6A098D6}.Release|Any CPU.ActiveCfg = Release|Any CPU
		{46CAC273-30DA-4C75-A6E8-6EC7E6A098D6}.Release|Any CPU.Build.0 = Release|Any CPU
		{46CAC273-30DA-4C75-A6E8-6EC7E6A098D6}.Release|ARM.ActiveCfg = Release|Any CPU
		{46CAC273-30DA-4C75-A6E8-6EC7E6A098D6}.Release|x64.ActiveCfg = Release|Any CPU
		{46CAC273-30DA-4C75-A6E8-6EC7E6A098D6}.Release|x86.ActiveCfg = Release|Any CPU
		{8C6F4E14-AF15-45EB-BC6E-49A585CB36C5}.Debug|Any CPU.ActiveCfg = Debug|Any CPU
		{8C6F4E14-AF15-45EB-BC6E-49A585CB36C5}.Debug|Any CPU.Build.0 = Debug|Any CPU
		{8C6F4E14-AF15-45EB-BC6E-49A585CB36C5}.Debug|ARM.ActiveCfg = Debug|Any CPU
		{8C6F4E14-AF15-45EB-BC6E-49A585CB36C5}.Debug|x64.ActiveCfg = Debug|Any CPU
		{8C6F4E14-AF15-45EB-BC6E-49A585CB36C5}.Debug|x86.ActiveCfg = Debug|Any CPU
		{8C6F4E14-AF15-45EB-BC6E-49A585CB36C5}.Release|Any CPU.ActiveCfg = Release|Any CPU
		{8C6F4E14-AF15-45EB-BC6E-49A585CB36C5}.Release|Any CPU.Build.0 = Release|Any CPU
		{8C6F4E14-AF15-45EB-BC6E-49A585CB36C5}.Release|ARM.ActiveCfg = Release|Any CPU
		{8C6F4E14-AF15-45EB-BC6E-49A585CB36C5}.Release|x64.ActiveCfg = Release|Any CPU
		{8C6F4E14-AF15-45EB-BC6E-49A585CB36C5}.Release|x86.ActiveCfg = Release|Any CPU
		{A0D9AA82-3281-45E8-A559-247A56DDAE04}.Debug|Any CPU.ActiveCfg = Debug|Any CPU
		{A0D9AA82-3281-45E8-A559-247A56DDAE04}.Debug|Any CPU.Build.0 = Debug|Any CPU
		{A0D9AA82-3281-45E8-A559-247A56DDAE04}.Debug|ARM.ActiveCfg = Debug|Any CPU
		{A0D9AA82-3281-45E8-A559-247A56DDAE04}.Debug|x64.ActiveCfg = Debug|Any CPU
		{A0D9AA82-3281-45E8-A559-247A56DDAE04}.Debug|x86.ActiveCfg = Debug|Any CPU
		{A0D9AA82-3281-45E8-A559-247A56DDAE04}.Release|Any CPU.ActiveCfg = Release|Any CPU
		{A0D9AA82-3281-45E8-A559-247A56DDAE04}.Release|Any CPU.Build.0 = Release|Any CPU
		{A0D9AA82-3281-45E8-A559-247A56DDAE04}.Release|ARM.ActiveCfg = Release|Any CPU
		{A0D9AA82-3281-45E8-A559-247A56DDAE04}.Release|x64.ActiveCfg = Release|Any CPU
		{A0D9AA82-3281-45E8-A559-247A56DDAE04}.Release|x86.ActiveCfg = Release|Any CPU
		{215D8E21-7903-41EF-AF7B-4CDD7247D26F}.Debug|Any CPU.ActiveCfg = Debug|Any CPU
		{215D8E21-7903-41EF-AF7B-4CDD7247D26F}.Debug|Any CPU.Build.0 = Debug|Any CPU
		{215D8E21-7903-41EF-AF7B-4CDD7247D26F}.Debug|ARM.ActiveCfg = Debug|Any CPU
		{215D8E21-7903-41EF-AF7B-4CDD7247D26F}.Debug|x64.ActiveCfg = Debug|Any CPU
		{215D8E21-7903-41EF-AF7B-4CDD7247D26F}.Debug|x86.ActiveCfg = Debug|Any CPU
		{215D8E21-7903-41EF-AF7B-4CDD7247D26F}.Release|Any CPU.ActiveCfg = Release|Any CPU
		{215D8E21-7903-41EF-AF7B-4CDD7247D26F}.Release|Any CPU.Build.0 = Release|Any CPU
		{215D8E21-7903-41EF-AF7B-4CDD7247D26F}.Release|ARM.ActiveCfg = Release|Any CPU
		{215D8E21-7903-41EF-AF7B-4CDD7247D26F}.Release|x64.ActiveCfg = Release|Any CPU
		{215D8E21-7903-41EF-AF7B-4CDD7247D26F}.Release|x86.ActiveCfg = Release|Any CPU
		{299EADF9-0385-4D34-A309-C19E338959A3}.Debug|Any CPU.ActiveCfg = Debug|Any CPU
		{299EADF9-0385-4D34-A309-C19E338959A3}.Debug|Any CPU.Build.0 = Debug|Any CPU
		{299EADF9-0385-4D34-A309-C19E338959A3}.Debug|ARM.ActiveCfg = Debug|Any CPU
		{299EADF9-0385-4D34-A309-C19E338959A3}.Debug|x64.ActiveCfg = Debug|Any CPU
		{299EADF9-0385-4D34-A309-C19E338959A3}.Debug|x86.ActiveCfg = Debug|Any CPU
		{299EADF9-0385-4D34-A309-C19E338959A3}.Release|Any CPU.ActiveCfg = Release|Any CPU
		{299EADF9-0385-4D34-A309-C19E338959A3}.Release|Any CPU.Build.0 = Release|Any CPU
		{299EADF9-0385-4D34-A309-C19E338959A3}.Release|ARM.ActiveCfg = Release|Any CPU
		{299EADF9-0385-4D34-A309-C19E338959A3}.Release|x64.ActiveCfg = Release|Any CPU
		{299EADF9-0385-4D34-A309-C19E338959A3}.Release|x86.ActiveCfg = Release|Any CPU
		{50A1CF8D-B649-4760-93AC-A931EBFA1236}.Debug|Any CPU.ActiveCfg = Debug|Any CPU
		{50A1CF8D-B649-4760-93AC-A931EBFA1236}.Debug|Any CPU.Build.0 = Debug|Any CPU
		{50A1CF8D-B649-4760-93AC-A931EBFA1236}.Debug|ARM.ActiveCfg = Debug|Any CPU
		{50A1CF8D-B649-4760-93AC-A931EBFA1236}.Debug|x64.ActiveCfg = Debug|Any CPU
		{50A1CF8D-B649-4760-93AC-A931EBFA1236}.Debug|x86.ActiveCfg = Debug|Any CPU
		{50A1CF8D-B649-4760-93AC-A931EBFA1236}.Release|Any CPU.ActiveCfg = Release|Any CPU
		{50A1CF8D-B649-4760-93AC-A931EBFA1236}.Release|Any CPU.Build.0 = Release|Any CPU
		{50A1CF8D-B649-4760-93AC-A931EBFA1236}.Release|ARM.ActiveCfg = Release|Any CPU
		{50A1CF8D-B649-4760-93AC-A931EBFA1236}.Release|x64.ActiveCfg = Release|Any CPU
		{50A1CF8D-B649-4760-93AC-A931EBFA1236}.Release|x86.ActiveCfg = Release|Any CPU
		{8BF9B2FF-2B41-4EEA-B815-88BCEE8A8245}.Debug|Any CPU.ActiveCfg = Debug|Any CPU
		{8BF9B2FF-2B41-4EEA-B815-88BCEE8A8245}.Debug|Any CPU.Build.0 = Debug|Any CPU
		{8BF9B2FF-2B41-4EEA-B815-88BCEE8A8245}.Debug|ARM.ActiveCfg = Debug|Any CPU
		{8BF9B2FF-2B41-4EEA-B815-88BCEE8A8245}.Debug|x64.ActiveCfg = Debug|Any CPU
		{8BF9B2FF-2B41-4EEA-B815-88BCEE8A8245}.Debug|x86.ActiveCfg = Debug|Any CPU
		{8BF9B2FF-2B41-4EEA-B815-88BCEE8A8245}.Release|Any CPU.ActiveCfg = Release|Any CPU
		{8BF9B2FF-2B41-4EEA-B815-88BCEE8A8245}.Release|Any CPU.Build.0 = Release|Any CPU
		{8BF9B2FF-2B41-4EEA-B815-88BCEE8A8245}.Release|ARM.ActiveCfg = Release|Any CPU
		{8BF9B2FF-2B41-4EEA-B815-88BCEE8A8245}.Release|x64.ActiveCfg = Release|Any CPU
		{8BF9B2FF-2B41-4EEA-B815-88BCEE8A8245}.Release|x86.ActiveCfg = Release|Any CPU
	EndGlobalSection
	GlobalSection(SolutionProperties) = preSolution
		HideSolutionNode = FALSE
	EndGlobalSection
	GlobalSection(NestedProjects) = preSolution
		{C5759722-BE04-4E91-94FF-476FC9D4E0E4} = {781F189B-3F2A-444E-A9F4-D8369368C6B2}
		{F38A6F73-E8C0-461A-874C-F02711CBCD2C} = {F49FC81F-1BB0-4CD8-836A-6FFD197FFE91}
		{46CAC273-30DA-4C75-A6E8-6EC7E6A098D6} = {726FDD38-A988-45FF-962F-DD84A8BD9745}
		{8C6F4E14-AF15-45EB-BC6E-49A585CB36C5} = {4CDEA65C-52ED-447D-B4A1-8A7DFE5228D8}
		{A0D9AA82-3281-45E8-A559-247A56DDAE04} = {4CDEA65C-52ED-447D-B4A1-8A7DFE5228D8}
		{215D8E21-7903-41EF-AF7B-4CDD7247D26F} = {F49FC81F-1BB0-4CD8-836A-6FFD197FFE91}
		{299EADF9-0385-4D34-A309-C19E338959A3} = {F49FC81F-1BB0-4CD8-836A-6FFD197FFE91}
		{50A1CF8D-B649-4760-93AC-A931EBFA1236} = {1A5601DF-55DF-4B3E-B3E7-745600D8DC9B}
		{8BF9B2FF-2B41-4EEA-B815-88BCEE8A8245} = {1A5601DF-55DF-4B3E-B3E7-745600D8DC9B}
	EndGlobalSection
EndGlobal
